{
  "nodes": {
    "crane": {
      "inputs": {
        "nixpkgs": [
          "edgedb",
          "nixpkgs"
        ]
      },
      "locked": {
        "lastModified": 1714864355,
        "narHash": "sha256-uXNW6bapWFfkYIkK1EagydSrFMqycOYEDSq75GmUpjk=",
        "owner": "ipetkov",
        "repo": "crane",
        "rev": "442a7a6152f49b907e73206dc8e1f46a61e8e873",
        "type": "github"
      },
      "original": {
        "owner": "ipetkov",
        "repo": "crane",
        "type": "github"
      }
    },
    "edgedb": {
      "inputs": {
        "crane": "crane",
        "flake-parts": [
          "flake-parts"
        ],
        "nixpkgs": [
          "nixpkgs"
        ]
      },
      "locked": {
        "lastModified": 1740414402,
        "narHash": "sha256-UWzHqJLq8zfwrFEw+O3iFQTUEHMmKNxu6lyk3Hphi9c=",
        "owner": "edgedb",
        "repo": "packages-nix",
        "rev": "d469ff4b8f3f64a1a446cfcfb5414d2fa7c0e844",
        "type": "github"
      },
      "original": {
        "owner": "edgedb",
        "repo": "packages-nix",
        "type": "github"
      }
    },
    "fenix": {
      "inputs": {
        "nixpkgs": [
          "nixpkgs"
        ],
        "rust-analyzer-src": []
      },
      "locked": {
        "lastModified": 1742452566,
        "narHash": "sha256-sVuLDQ2UIWfXUBbctzrZrXM2X05YjX08K7XHMztt36E=",
        "owner": "nix-community",
        "repo": "fenix",
        "rev": "7d9ba794daf5e8cc7ee728859bc688d8e26d5f06",
        "type": "github"
      },
      "original": {
        "owner": "nix-community",
        "repo": "fenix",
        "type": "github"
      }
    },
    "flake-parts": {
      "inputs": {
        "nixpkgs-lib": "nixpkgs-lib"
      },
      "locked": {
        "lastModified": 1743550720,
        "narHash": "sha256-hIshGgKZCgWh6AYJpJmRgFdR3WUbkY04o82X05xqQiY=",
        "owner": "hercules-ci",
        "repo": "flake-parts",
        "rev": "c621e8422220273271f52058f618c94e405bb0f5",
        "type": "github"
      },
      "original": {
        "owner": "hercules-ci",
        "repo": "flake-parts",
        "type": "github"
      }
    },
    "nixpkgs": {
      "locked": {
        "lastModified": 1743601945,
        "narHash": "sha256-ZBkvD/Iqx8wKeOirnIbczCj6cxuXFVsmKZ0SeZ1vdfU=",
        "owner": "nixos",
        "repo": "nixpkgs",
        "rev": "155d1c0aa91f1e7a11693ee96e385bbea87a5a65",
        "type": "github"
      },
      "original": {
        "owner": "nixos",
        "repo": "nixpkgs",
        "type": "github"
      }
    },
    "nixpkgs-lib": {
      "locked": {
        "lastModified": 1743296961,
        "narHash": "sha256-b1EdN3cULCqtorQ4QeWgLMrd5ZGOjLSLemfa00heasc=",
        "owner": "nix-community",
        "repo": "nixpkgs.lib",
        "rev": "e4822aea2a6d1cdd36653c134cacfd64c97ff4fa",
        "type": "github"
      },
      "original": {
        "owner": "nix-community",
        "repo": "nixpkgs.lib",
        "type": "github"
      }
    },
    "root": {
      "inputs": {
        "edgedb": "edgedb",
        "fenix": "fenix",
        "flake-parts": "flake-parts",
        "nixpkgs": "nixpkgs"
      }
    }
  },
  "root": "root",
  "version": 7
}
